PODS:
  - FlutterMacOS (1.0.0)
  - native_add (0.0.1):
    - FlutterMacOS

DEPENDENCIES:
  - FlutterMacOS (from `Flutter/ephemeral`)
  - native_add (from `Flutter/ephemeral/.symlinks/plugins/native_add/macos`)

EXTERNAL SOURCES:
  FlutterMacOS:
    :path: Flutter/ephemeral
  native_add:
    :path: Flutter/ephemeral/.symlinks/plugins/native_add/macos

SPEC CHECKSUMS:
  FlutterMacOS: 8f6f14fa908a6fb3fba0cd85dbd81ec4b251fb24
  native_add: 96dfc02d05fdf1e90a7356ddb0ec5a10d592a5bb

PODFILE CHECKSUM: 7eb978b976557c8c1cd717d8185ec483fd090a82

COCOAPODS: 1.16.2
